<?xml version="1.0" encoding="utf-8"?>
<Project ToolsVersion="4.0" xmlns="http://schemas.microsoft.com/developer/msbuild/2003">
  <ItemGroup>
    <Filter Include="inc">
      <UniqueIdentifier>{01095b8f-75a2-4763-a80c-9a2b40790eab}</UniqueIdentifier>
    </Filter>
    <Filter Include="src">
      <UniqueIdentifier>{e57002df-1929-4c9a-bb0e-94fd5da85d76}</UniqueIdentifier>
    </Filter>
  </ItemGroup>
  <ItemGroup>
    <ClInclude Include="inc\Common.h">
      <Filter>inc</Filter>
    </ClInclude>
    <ClInclude Include="src\Precompiled.h">
      <Filter>src</Filter>
    </ClInclude>
    <ClInclude Include="inc\StzEngine.h">
      <Filter>inc</Filter>
    </ClInclude>
    <ClInclude Include="inc\App.h">
      <Filter>inc</Filter>
    </ClInclude>
    <ClInclude Include="inc\AppState.h">
      <Filter>inc</Filter>
    </ClInclude>
  </ItemGroup>
  <ItemGroup>
    <ClCompile Include="src\Precompiled.cpp">
      <Filter>src</Filter>
    </ClCompile>
    <ClCompile Include="src\App.cpp">
      <Filter>src</Filter>
    </ClCompile>
    <ClCompile Include="src\StzEngine.cpp">
      <Filter>src</Filter>
    </ClCompile>
  </ItemGroup>
</Project>